
Microsoft Visual Studio Solution File, Format Version 12.00
# Visual Studio Version 17
VisualStudioVersion = 17.6.33801.468
MinimumVisualStudioVersion = 10.0.40219.1
Project("{8BC9CEB8-8B4A-11D0-8D11-00A0C91BC942}") = "TicTacToe", "TicTacToe\TicTacToe.vcxproj", "{0475FC58-09B3-4EE0-910D-3DE77048DF2F}"
EndProject
Global
	GlobalSection(SolutionConfigurationPlatforms) = preSolution
		Debug|x64 = Debug|x64
		Debug|x86 = Debug|x86
		Release|x64 = Release|x64
		Release|x86 = Release|x86
	EndGlobalSection
	GlobalSection(ProjectConfigurationPlatforms) = postSolution
		{0475FC58-09B3-4EE0-910D-3DE77048DF2F}.Debug|x64.ActiveCfg = Debug|x64
		{0475FC58-09B3-4EE0-910D-3DE77048DF2F}.Debug|x64.Build.0 = Debug|x64
		{0475FC58-09B3-4EE0-910D-3DE77048DF2F}.Debug|x86.ActiveCfg = Debug|Win32
		{0475FC58-09B3-4EE0-910D-3DE77048DF2F}.Debug|x86.Build.0 = Debug|Win32
		{0475FC58-09B3-4EE0-910D-3DE77048DF2F}.Release|x64.ActiveCfg = Release|x64
		{0475FC58-09B3-4EE0-910D-3DE77048DF2F}.Release|x64.Build.0 = Release|x64
		{0475FC58-09B3-4EE0-910D-3DE77048DF2F}.Release|x86.ActiveCfg = Release|Win32
		{0475FC58-09B3-4EE0-910D-3DE77048DF2F}.Release|x86.Build.0 = Release|Win32
	EndGlobalSection
	GlobalSection(SolutionProperties) = preSolution
		HideSolutionNode = FALSE
	EndGlobalSection
	GlobalSection(ExtensibilityGlobals) = postSolution
		SolutionGuid = {F3C226F8-19B0-43AA-A4B7-02CB79B9B319}
	EndGlobalSection
EndGlobal
